
Microsoft Visual Studio Solution File, Format Version 12.00
# Visual Studio Version 16
VisualStudioVersion = 16.0.29728.190
MinimumVisualStudioVersion = 10.0.40219.1
Project("{FAE04EC0-301F-11D3-BF4B-00C04F79EFBC}") = "MiniCashier", "MiniCashier.csproj", "{183B687B-FDF1-4A76-9C2E-6BF60F9ACEF5}"
EndProject
Global
	GlobalSection(SolutionConfigurationPlatforms) = preSolution
		Debug|Any CPU = Debug|Any CPU
		Release|Any CPU = Release|Any CPU
	EndGlobalSection
	GlobalSection(ProjectConfigurationPlatforms) = postSolution
		{183B687B-FDF1-4A76-9C2E-6BF60F9ACEF5}.Debug|Any CPU.ActiveCfg = Debug|Any CPU
		{183B687B-FDF1-4A76-9C2E-6BF60F9ACEF5}.Debug|Any CPU.Build.0 = Debug|Any CPU
		{183B687B-FDF1-4A76-9C2E-6BF60F9ACEF5}.Release|Any CPU.ActiveCfg = Release|Any CPU
		{183B687B-FDF1-4A76-9C2E-6BF60F9ACEF5}.Release|Any CPU.Build.0 = Release|Any CPU
	EndGlobalSection
	GlobalSection(SolutionProperties) = preSolution
		HideSolutionNode = FALSE
	EndGlobalSection
	GlobalSection(ExtensibilityGlobals) = postSolution
		SolutionGuid = {3A9FF039-44DE-4FCD-9C0F-DD466F8923E1}
	EndGlobalSection
EndGlobal
